
Microsoft Visual Studio Solution File, Format Version 12.00
# Visual Studio Version 16
VisualStudioVersion = 16.0.29519.181
MinimumVisualStudioVersion = 10.0.40219.1
Project("{FAE04EC0-301F-11D3-BF4B-00C04F79EFBC}") = "BugBilling", "BugBilling\BugBilling.csproj", "{B7107759-B6AC-4D16-A00E-D57EED41B264}"
EndProject
Global
	GlobalSection(SolutionConfigurationPlatforms) = preSolution
		Debug|Any CPU = Debug|Any CPU
		Release|Any CPU = Release|Any CPU
	EndGlobalSection
	GlobalSection(ProjectConfigurationPlatforms) = postSolution
		{B7107759-B6AC-4D16-A00E-D57EED41B264}.Debug|Any CPU.ActiveCfg = Debug|Any CPU
		{B7107759-B6AC-4D16-A00E-D57EED41B264}.Debug|Any CPU.Build.0 = Debug|Any CPU
		{B7107759-B6AC-4D16-A00E-D57EED41B264}.Release|Any CPU.ActiveCfg = Release|Any CPU
		{B7107759-B6AC-4D16-A00E-D57EED41B264}.Release|Any CPU.Build.0 = Release|Any CPU
	EndGlobalSection
	GlobalSection(SolutionProperties) = preSolution
		HideSolutionNode = FALSE
	EndGlobalSection
	GlobalSection(ExtensibilityGlobals) = postSolution
		SolutionGuid = {5F6F7F68-887F-4ACB-BC3E-6748D69D1C46}
	EndGlobalSection
EndGlobal
